
Microsoft Visual Studio Solution File, Format Version 12.00
# Visual Studio Version 17
VisualStudioVersion = 17.14.36203.30 d17.14
MinimumVisualStudioVersion = 10.0.40219.1
Project("{FAE04EC0-301F-11D3-BF4B-00C04F79EFBC}") = "linqpractices", "linqpractices\linqpractices.csproj", "{9AB65BF3-B9CA-4086-ADB3-B107E4AC3D34}"
EndProject
Global
	GlobalSection(SolutionConfigurationPlatforms) = preSolution
		Debug|Any CPU = Debug|Any CPU
		Release|Any CPU = Release|Any CPU
	EndGlobalSection
	GlobalSection(ProjectConfigurationPlatforms) = postSolution
		{9AB65BF3-B9CA-4086-ADB3-B107E4AC3D34}.Debug|Any CPU.ActiveCfg = Debug|Any CPU
		{9AB65BF3-B9CA-4086-ADB3-B107E4AC3D34}.Debug|Any CPU.Build.0 = Debug|Any CPU
		{9AB65BF3-B9CA-4086-ADB3-B107E4AC3D34}.Release|Any CPU.ActiveCfg = Release|Any CPU
		{9AB65BF3-B9CA-4086-ADB3-B107E4AC3D34}.Release|Any CPU.Build.0 = Release|Any CPU
	EndGlobalSection
	GlobalSection(SolutionProperties) = preSolution
		HideSolutionNode = FALSE
	EndGlobalSection
	GlobalSection(ExtensibilityGlobals) = postSolution
		SolutionGuid = {D5FEC4DA-5D69-4624-B16B-F5705F95FE32}
	EndGlobalSection
EndGlobal
